{
    "_readme": [
        "This file locks the dependencies of your project to a known state",
        "Read more about it at https://getcomposer.org/doc/01-basic-usage.md#installing-dependencies",
        "This file is @generated automatically"
    ],
    "content-hash": "fc9293206e457b80270e467cc64d8d68",
    "packages": [
        {
            "name": "jakub-onderka/php-console-color",
            "version": "dev-master",
            "source": {
                "type": "git",
                "url": "https://github.com/JakubOnderka/PHP-Console-Color.git",
                "reference": "f725c01cfd5c29005919850c1502066149dc1117"
            },
            "dist": {
                "type": "zip",
                "url": "https://api.github.com/repos/JakubOnderka/PHP-Console-Color/zipball/f725c01cfd5c29005919850c1502066149dc1117",
                "reference": "f725c01cfd5c29005919850c1502066149dc1117",
                "shasum": ""
            },
            "require": {
                "php": ">=5.4.0"
            },
            "require-dev": {
                "jakub-onderka/php-code-style": "1.0",
                "jakub-onderka/php-parallel-lint": "1.0",
                "jakub-onderka/php-var-dump-check": "0.*",
                "phpunit/phpunit": "~4.3",
                "squizlabs/php_codesniffer": "1.*"
            },
            "type": "library",
            "autoload": {
                "psr-4": {
                    "JakubOnderka\\PhpConsoleColor\\": "src/"
                }
            },
            "notification-url": "https://packagist.org/downloads/",
            "license": [
                "BSD-2-Clause"
            ],
            "authors": [
                {
                    "name": "Jakub Onderka",
                    "email": "jakub.onderka@gmail.com"
                }
            ],
            "time": "2018-12-16T21:44:34+00:00"
        },
        {
            "name": "oldshiji/siwo-framework",
            "version": "dev-master",
            "source": {
                "type": "git",
                "url": "https://github.com/oldshiji/siwo-framework.git",
                "reference": "57cc01fbcdd222ef6410a4b5da38fa29c0eaa932"
            },
            "dist": {
                "type": "zip",
                "url": "https://api.github.com/repos/oldshiji/siwo-framework/zipball/57cc01fbcdd222ef6410a4b5da38fa29c0eaa932",
                "reference": "57cc01fbcdd222ef6410a4b5da38fa29c0eaa932",
                "shasum": ""
            },
            "require": {
                "ext-swoole": ">=4.2.6",
                "jakub-onderka/php-console-color": "dev-master",
                "php": ">=7.1.0",
                "wp-cli/php-cli-tools": "dev-master"
            },
            "type": "library",
            "autoload": {
                "psr-4": {
                    "Siwo\\": "src/"
                },
                "files": [
                    "src/Foundation/Helper.php"
                ]
            },
            "notification-url": "https://packagist.org/downloads/",
            "license": [
                "MIT"
            ],
            "authors": [
                {
                    "name": "oldshiji",
                    "email": "1655664358@qq.com"
                }
            ],
            "description": "this is siwo-kernel library of siwo base on swoole 4.2.x",
            "time": "2018-12-31T05:45:23+00:00"
        },
        {
            "name": "wp-cli/php-cli-tools",
            "version": "dev-master",
            "source": {
                "type": "git",
                "url": "https://github.com/wp-cli/php-cli-tools.git",
                "reference": "fe9c7c44a9e1bf2196ec51dc38da0593dbf2993f"
            },
            "dist": {
                "type": "zip",
                "url": "https://api.github.com/repos/wp-cli/php-cli-tools/zipball/fe9c7c44a9e1bf2196ec51dc38da0593dbf2993f",
                "reference": "fe9c7c44a9e1bf2196ec51dc38da0593dbf2993f",
                "shasum": ""
            },
            "require": {
                "php": ">= 5.3.0"
            },
            "type": "library",
            "autoload": {
                "psr-0": {
                    "cli": "lib/"
                },
                "files": [
                    "lib/cli/cli.php"
                ]
            },
            "notification-url": "https://packagist.org/downloads/",
            "license": [
                "MIT"
            ],
            "authors": [
                {
                    "name": "James Logsdon",
                    "email": "jlogsdon@php.net",
                    "role": "Developer"
                },
                {
                    "name": "Daniel Bachhuber",
                    "email": "daniel@handbuilt.co",
                    "role": "Maintainer"
                }
            ],
            "description": "Console utilities for PHP",
            "homepage": "http://github.com/wp-cli/php-cli-tools",
            "keywords": [
                "cli",
                "console"
            ],
            "time": "2018-09-04T13:28:00+00:00"
        }
    ],
    "packages-dev": [],
    "aliases": [],
    "minimum-stability": "dev",
    "stability-flags": {
        "oldshiji/siwo-framework": 20
    },
    "prefer-stable": false,
    "prefer-lowest": false,
    "platform": [],
    "platform-dev": []
}
